{
  "name": "emerald",
  "version": "1.0.0",
  "lockfileVersion": 1,
  "requires": true,
  "dependencies": {
    "lodash": {
      "version": "4.17.15",
      "resolved": "https://registry.npmjs.org/lodash/-/lodash-4.17.15.tgz",
      "integrity": "sha1-tEf2ZwoEVbv+7dETku/zMOoJdUg="
    },
    "multi-hashing": {
      "version": "file:../multi-hashing",
      "requires": {
        "bindings": "1.5.0"
      },
      "dependencies": {
        "bindings": {
          "version": "1.5.0",
          "bundled": true,
          "requires": {
            "file-uri-to-path": "1.0.0"
          }
        },
        "file-uri-to-path": {
          "version": "1.0.0",
          "bundled": true
        }
      }
    }
  }
}
